
Microsoft Visual Studio Solution File, Format Version 12.00
# Visual Studio Version 17
VisualStudioVersion = 17.3.32819.101
MinimumVisualStudioVersion = 10.0.40219.1
Project("{FAE04EC0-301F-11D3-BF4B-00C04F79EFBC}") = "Assignment_Group8", "Assignment_Group8\Assignment_Group8.csproj", "{CEBDB82F-374E-4342-8CF8-3B1B09AE5DAC}"
EndProject
Global
	GlobalSection(SolutionConfigurationPlatforms) = preSolution
		Debug|Any CPU = Debug|Any CPU
		Release|Any CPU = Release|Any CPU
	EndGlobalSection
	GlobalSection(ProjectConfigurationPlatforms) = postSolution
		{CEBDB82F-374E-4342-8CF8-3B1B09AE5DAC}.Debug|Any CPU.ActiveCfg = Debug|Any CPU
		{CEBDB82F-374E-4342-8CF8-3B1B09AE5DAC}.Debug|Any CPU.Build.0 = Debug|Any CPU
		{CEBDB82F-374E-4342-8CF8-3B1B09AE5DAC}.Release|Any CPU.ActiveCfg = Release|Any CPU
		{CEBDB82F-374E-4342-8CF8-3B1B09AE5DAC}.Release|Any CPU.Build.0 = Release|Any CPU
	EndGlobalSection
	GlobalSection(SolutionProperties) = preSolution
		HideSolutionNode = FALSE
	EndGlobalSection
	GlobalSection(ExtensibilityGlobals) = postSolution
		SolutionGuid = {F2EF4812-F8B3-4B0D-A820-8ABC616DF6B7}
	EndGlobalSection
EndGlobal
